
Microsoft Visual Studio Solution File, Format Version 12.00
# Visual Studio Version 17
VisualStudioVersion = 17.7.34024.191
MinimumVisualStudioVersion = 10.0.40219.1
Project("{FAE04EC0-301F-11D3-BF4B-00C04F79EFBC}") = "MiniProject2 Step1", "MiniProject2 Step1\MiniProject2 Step1.csproj", "{42F42950-B84F-425B-89F8-34A84B4744CE}"
EndProject
Global
	GlobalSection(SolutionConfigurationPlatforms) = preSolution
		Debug|Any CPU = Debug|Any CPU
		Release|Any CPU = Release|Any CPU
	EndGlobalSection
	GlobalSection(ProjectConfigurationPlatforms) = postSolution
		{42F42950-B84F-425B-89F8-34A84B4744CE}.Debug|Any CPU.ActiveCfg = Debug|Any CPU
		{42F42950-B84F-425B-89F8-34A84B4744CE}.Debug|Any CPU.Build.0 = Debug|Any CPU
		{42F42950-B84F-425B-89F8-34A84B4744CE}.Release|Any CPU.ActiveCfg = Release|Any CPU
		{42F42950-B84F-425B-89F8-34A84B4744CE}.Release|Any CPU.Build.0 = Release|Any CPU
	EndGlobalSection
	GlobalSection(SolutionProperties) = preSolution
		HideSolutionNode = FALSE
	EndGlobalSection
	GlobalSection(ExtensibilityGlobals) = postSolution
		SolutionGuid = {3CFFBCC7-018E-444D-ACF9-007CD8DC4698}
	EndGlobalSection
EndGlobal
